
Microsoft Visual Studio Solution File, Format Version 12.00
# Visual Studio Version 17
VisualStudioVersion = 17.11.35303.130
MinimumVisualStudioVersion = 10.0.40219.1
Project("{FAE04EC0-301F-11D3-BF4B-00C04F79EFBC}") = "pr3_c2_kachalov_3isip_322", "pr3_c2_kachalov_3isip_322\pr3_c2_kachalov_3isip_322.csproj", "{32517CB0-4918-43DF-88E2-BA36A7C1A670}"
EndProject
Global
	GlobalSection(SolutionConfigurationPlatforms) = preSolution
		Debug|Any CPU = Debug|Any CPU
		Release|Any CPU = Release|Any CPU
	EndGlobalSection
	GlobalSection(ProjectConfigurationPlatforms) = postSolution
		{32517CB0-4918-43DF-88E2-BA36A7C1A670}.Debug|Any CPU.ActiveCfg = Debug|Any CPU
		{32517CB0-4918-43DF-88E2-BA36A7C1A670}.Debug|Any CPU.Build.0 = Debug|Any CPU
		{32517CB0-4918-43DF-88E2-BA36A7C1A670}.Release|Any CPU.ActiveCfg = Release|Any CPU
		{32517CB0-4918-43DF-88E2-BA36A7C1A670}.Release|Any CPU.Build.0 = Release|Any CPU
	EndGlobalSection
	GlobalSection(SolutionProperties) = preSolution
		HideSolutionNode = FALSE
	EndGlobalSection
	GlobalSection(ExtensibilityGlobals) = postSolution
		SolutionGuid = {C633288F-CC96-4BED-9F07-219FE0768A44}
	EndGlobalSection
EndGlobal
